// !$*UTF8*$!
{
	archiveVersion = 1;
	classes = {
	};
	objectVersion = 46;
	objects = {

/* Begin PBXBuildFile section */
		0ACAB51E4C8A3686C31E503C /* libPods.a in Frameworks */ = {isa = PBXBuildFile; fileRef = 95D5D82D73BD98BCD416DEAD /* libPods.a */; };
		D60F49EA1C6D7601005C80CD /* AppDelegate.swift in Sources */ = {isa = PBXBuildFile; fileRef = D60F49E91C6D7601005C80CD /* AppDelegate.swift */; };
		D60F49EF1C6D7601005C80CD /* Main.storyboard in Resources */ = {isa = PBXBuildFile; fileRef = D60F49ED1C6D7601005C80CD /* Main.storyboard */; };
		D60F49F11C6D7601005C80CD /* Assets.xcassets in Resources */ = {isa = PBXBuildFile; fileRef = D60F49F01C6D7601005C80CD /* Assets.xcassets */; };
		D60F49F41C6D7601005C80CD /* LaunchScreen.storyboard in Resources */ = {isa = PBXBuildFile; fileRef = D60F49F21C6D7601005C80CD /* LaunchScreen.storyboard */; };
		D60F4A221C6EEA9F005C80CD /* Video.swift in Sources */ = {isa = PBXBuildFile; fileRef = D60F4A211C6EEA9F005C80CD /* Video.swift */; };
		D60F4A251C6EF1F6005C80CD /* User.swift in Sources */ = {isa = PBXBuildFile; fileRef = D60F4A241C6EF1F6005C80CD /* User.swift */; };
		D60F4A271C6F0D42005C80CD /* EachVideoTableViewCell.swift in Sources */ = {isa = PBXBuildFile; fileRef = D60F4A261C6F0D42005C80CD /* EachVideoTableViewCell.swift */; };
		D61205691C71747D006B7058 /* UserSignInViewController.swift in Sources */ = {isa = PBXBuildFile; fileRef = D61205681C71747D006B7058 /* UserSignInViewController.swift */; };
		D612056B1C71B0CC006B7058 /* AuthCodeViewController.swift in Sources */ = {isa = PBXBuildFile; fileRef = D612056A1C71B0CC006B7058 /* AuthCodeViewController.swift */; };
		D612056E1C726261006B7058 /* HttpHelper.swift in Sources */ = {isa = PBXBuildFile; fileRef = D612056D1C726261006B7058 /* HttpHelper.swift */; };
		D61205701C72630B006B7058 /* ApiKeys.swift in Sources */ = {isa = PBXBuildFile; fileRef = D612056F1C72630B006B7058 /* ApiKeys.swift */; };
		D641B4561C77A9A700029DEA /* ScrollViewController.swift in Sources */ = {isa = PBXBuildFile; fileRef = D641B4551C77A9A700029DEA /* ScrollViewController.swift */; };
		D641B4741C78374100029DEA /* VideoTableViewController.swift in Sources */ = {isa = PBXBuildFile; fileRef = D641B4731C78374100029DEA /* VideoTableViewController.swift */; };
		D641B4D01C7BD68C00029DEA /* TestPickerViewController.swift in Sources */ = {isa = PBXBuildFile; fileRef = D641B4CF1C7BD68C00029DEA /* TestPickerViewController.swift */; };
		D641B4D21C7D4A7900029DEA /* HelperFunctions.swift in Sources */ = {isa = PBXBuildFile; fileRef = D641B4D11C7D4A7900029DEA /* HelperFunctions.swift */; };
		D641B4D61C7ECA8200029DEA /* UserVideosViewController.swift in Sources */ = {isa = PBXBuildFile; fileRef = D641B4D51C7ECA8200029DEA /* UserVideosViewController.swift */; };
		D641B4D81C7EE21100029DEA /* UploadButton.swift in Sources */ = {isa = PBXBuildFile; fileRef = D641B4D71C7EE21100029DEA /* UploadButton.swift */; };
		D641B4DA1C7EE82F00029DEA /* NavScrollBar.swift in Sources */ = {isa = PBXBuildFile; fileRef = D641B4D91C7EE82F00029DEA /* NavScrollBar.swift */; };
		D641B4DC1C7EF9E700029DEA /* SettingsViewController.swift in Sources */ = {isa = PBXBuildFile; fileRef = D641B4DB1C7EF9E700029DEA /* SettingsViewController.swift */; };
/* End PBXBuildFile section */

/* Begin PBXFileReference section */
		5A3CBB2C5019765CCA6B29EB /* Pods.debug.xcconfig */ = {isa = PBXFileReference; includeInIndex = 1; lastKnownFileType = text.xcconfig; name = Pods.debug.xcconfig; path = "Pods/Target Support Files/Pods/Pods.debug.xcconfig"; sourceTree = "<group>"; };
		5A6AE4C6D6C2EB85F7DC9400 /* Pods.release.xcconfig */ = {isa = PBXFileReference; includeInIndex = 1; lastKnownFileType = text.xcconfig; name = Pods.release.xcconfig; path = "Pods/Target Support Files/Pods/Pods.release.xcconfig"; sourceTree = "<group>"; };
		95D5D82D73BD98BCD416DEAD /* libPods.a */ = {isa = PBXFileReference; explicitFileType = archive.ar; includeInIndex = 0; path = libPods.a; sourceTree = BUILT_PRODUCTS_DIR; };
		D60F49E61C6D7601005C80CD /* Major Key.app */ = {isa = PBXFileReference; explicitFileType = wrapper.application; includeInIndex = 0; path = "Major Key.app"; sourceTree = BUILT_PRODUCTS_DIR; };
		D60F49E91C6D7601005C80CD /* AppDelegate.swift */ = {isa = PBXFileReference; lastKnownFileType = sourcecode.swift; path = AppDelegate.swift; sourceTree = "<group>"; };
		D60F49EE1C6D7601005C80CD /* Base */ = {isa = PBXFileReference; lastKnownFileType = file.storyboard; name = Base; path = Base.lproj/Main.storyboard; sourceTree = "<group>"; };
		D60F49F01C6D7601005C80CD /* Assets.xcassets */ = {isa = PBXFileReference; lastKnownFileType = folder.assetcatalog; path = Assets.xcassets; sourceTree = "<group>"; };
		D60F49F31C6D7601005C80CD /* Base */ = {isa = PBXFileReference; lastKnownFileType = file.storyboard; name = Base; path = Base.lproj/LaunchScreen.storyboard; sourceTree = "<group>"; };
		D60F49F51C6D7601005C80CD /* Info.plist */ = {isa = PBXFileReference; lastKnownFileType = text.plist.xml; path = Info.plist; sourceTree = "<group>"; };
		D60F4A211C6EEA9F005C80CD /* Video.swift */ = {isa = PBXFileReference; fileEncoding = 4; lastKnownFileType = sourcecode.swift; path = Video.swift; sourceTree = "<group>"; };
		D60F4A241C6EF1F6005C80CD /* User.swift */ = {isa = PBXFileReference; fileEncoding = 4; lastKnownFileType = sourcecode.swift; path = User.swift; sourceTree = "<group>"; };
		D60F4A261C6F0D42005C80CD /* EachVideoTableViewCell.swift */ = {isa = PBXFileReference; fileEncoding = 4; lastKnownFileType = sourcecode.swift; path = EachVideoTableViewCell.swift; sourceTree = "<group>"; };
		D61205681C71747D006B7058 /* UserSignInViewController.swift */ = {isa = PBXFileReference; fileEncoding = 4; lastKnownFileType = sourcecode.swift; path = UserSignInViewController.swift; sourceTree = "<group>"; };
		D612056A1C71B0CC006B7058 /* AuthCodeViewController.swift */ = {isa = PBXFileReference; fileEncoding = 4; lastKnownFileType = sourcecode.swift; path = AuthCodeViewController.swift; sourceTree = "<group>"; };
		D612056D1C726261006B7058 /* HttpHelper.swift */ = {isa = PBXFileReference; fileEncoding = 4; lastKnownFileType = sourcecode.swift; path = HttpHelper.swift; sourceTree = "<group>"; };
		D612056F1C72630B006B7058 /* ApiKeys.swift */ = {isa = PBXFileReference; fileEncoding = 4; lastKnownFileType = sourcecode.swift; path = ApiKeys.swift; sourceTree = "<group>"; };
		D641B44B1C75364600029DEA /* AWSBridgingHeader.h */ = {isa = PBXFileReference; lastKnownFileType = sourcecode.c.h; path = AWSBridgingHeader.h; sourceTree = "<group>"; };
		D641B4551C77A9A700029DEA /* ScrollViewController.swift */ = {isa = PBXFileReference; fileEncoding = 4; lastKnownFileType = sourcecode.swift; path = ScrollViewController.swift; sourceTree = "<group>"; };
		D641B4731C78374100029DEA /* VideoTableViewController.swift */ = {isa = PBXFileReference; fileEncoding = 4; lastKnownFileType = sourcecode.swift; path = VideoTableViewController.swift; sourceTree = "<group>"; };
		D641B4CF1C7BD68C00029DEA /* TestPickerViewController.swift */ = {isa = PBXFileReference; fileEncoding = 4; lastKnownFileType = sourcecode.swift; path = TestPickerViewController.swift; sourceTree = "<group>"; };
		D641B4D11C7D4A7900029DEA /* HelperFunctions.swift */ = {isa = PBXFileReference; fileEncoding = 4; lastKnownFileType = sourcecode.swift; path = HelperFunctions.swift; sourceTree = "<group>"; };
		D641B4D51C7ECA8200029DEA /* UserVideosViewController.swift */ = {isa = PBXFileReference; fileEncoding = 4; lastKnownFileType = sourcecode.swift; path = UserVideosViewController.swift; sourceTree = "<group>"; };
		D641B4D71C7EE21100029DEA /* UploadButton.swift */ = {isa = PBXFileReference; fileEncoding = 4; lastKnownFileType = sourcecode.swift; path = UploadButton.swift; sourceTree = "<group>"; };
		D641B4D91C7EE82F00029DEA /* NavScrollBar.swift */ = {isa = PBXFileReference; fileEncoding = 4; lastKnownFileType = sourcecode.swift; path = NavScrollBar.swift; sourceTree = "<group>"; };
		D641B4DB1C7EF9E700029DEA /* SettingsViewController.swift */ = {isa = PBXFileReference; fileEncoding = 4; lastKnownFileType = sourcecode.swift; path = SettingsViewController.swift; sourceTree = "<group>"; };
/* End PBXFileReference section */

/* Begin PBXFrameworksBuildPhase section */
		D60F49E31C6D7601005C80CD /* Frameworks */ = {
			isa = PBXFrameworksBuildPhase;
			buildActionMask = 2147483647;
			files = (
				0ACAB51E4C8A3686C31E503C /* libPods.a in Frameworks */,
			);
			runOnlyForDeploymentPostprocessing = 0;
		};
/* End PBXFrameworksBuildPhase section */

/* Begin PBXGroup section */
		7D673DA9EE28520A5700D90B /* Frameworks */ = {
			isa = PBXGroup;
			children = (
				95D5D82D73BD98BCD416DEAD /* libPods.a */,
			);
			name = Frameworks;
			sourceTree = "<group>";
		};
		898732891AC6D1081FBB6DEE /* Pods */ = {
			isa = PBXGroup;
			children = (
				5A3CBB2C5019765CCA6B29EB /* Pods.debug.xcconfig */,
				5A6AE4C6D6C2EB85F7DC9400 /* Pods.release.xcconfig */,
			);
			name = Pods;
			sourceTree = "<group>";
		};
		D60F49DD1C6D7601005C80CD = {
			isa = PBXGroup;
			children = (
				D60F49E81C6D7601005C80CD /* Major Key */,
				D60F49E71C6D7601005C80CD /* Products */,
				7D673DA9EE28520A5700D90B /* Frameworks */,
				898732891AC6D1081FBB6DEE /* Pods */,
			);
			sourceTree = "<group>";
		};
		D60F49E71C6D7601005C80CD /* Products */ = {
			isa = PBXGroup;
			children = (
				D60F49E61C6D7601005C80CD /* Major Key.app */,
			);
			name = Products;
			sourceTree = "<group>";
		};
		D60F49E81C6D7601005C80CD /* Major Key */ = {
			isa = PBXGroup;
			children = (
				D641B4501C75BAC000029DEA /* Views */,
				D641B44F1C75BA9C00029DEA /* Controllers */,
				D641B44E1C75BA9000029DEA /* Models */,
				D612056C1C71B0DB006B7058 /* Hide */,
			);
			name = "Major Key";
			path = SnapShare;
			sourceTree = "<group>";
		};
		D612056C1C71B0DB006B7058 /* Hide */ = {
			isa = PBXGroup;
			children = (
				D641B44B1C75364600029DEA /* AWSBridgingHeader.h */,
				D612056F1C72630B006B7058 /* ApiKeys.swift */,
				D60F49E91C6D7601005C80CD /* AppDelegate.swift */,
				D60F49F51C6D7601005C80CD /* Info.plist */,
			);
			name = Hide;
			sourceTree = "<group>";
		};
		D641B44E1C75BA9000029DEA /* Models */ = {
			isa = PBXGroup;
			children = (
				D612056D1C726261006B7058 /* HttpHelper.swift */,
				D60F4A241C6EF1F6005C80CD /* User.swift */,
				D60F4A211C6EEA9F005C80CD /* Video.swift */,
				D641B4D11C7D4A7900029DEA /* HelperFunctions.swift */,
			);
			name = Models;
			sourceTree = "<group>";
		};
		D641B44F1C75BA9C00029DEA /* Controllers */ = {
			isa = PBXGroup;
			children = (
				D61205681C71747D006B7058 /* UserSignInViewController.swift */,
				D612056A1C71B0CC006B7058 /* AuthCodeViewController.swift */,
				D641B4551C77A9A700029DEA /* ScrollViewController.swift */,
				D641B4DB1C7EF9E700029DEA /* SettingsViewController.swift */,
				D641B4731C78374100029DEA /* VideoTableViewController.swift */,
				D641B4D51C7ECA8200029DEA /* UserVideosViewController.swift */,
			);
			name = Controllers;
			sourceTree = "<group>";
		};
		D641B4501C75BAC000029DEA /* Views */ = {
			isa = PBXGroup;
			children = (
				D60F4A261C6F0D42005C80CD /* EachVideoTableViewCell.swift */,
				D641B4D91C7EE82F00029DEA /* NavScrollBar.swift */,
				D641B4D71C7EE21100029DEA /* UploadButton.swift */,
				D60F49F21C6D7601005C80CD /* LaunchScreen.storyboard */,
				D60F49ED1C6D7601005C80CD /* Main.storyboard */,
				D641B4CF1C7BD68C00029DEA /* TestPickerViewController.swift */,
				D60F49F01C6D7601005C80CD /* Assets.xcassets */,
			);
			name = Views;
			sourceTree = "<group>";
		};
/* End PBXGroup section */

/* Begin PBXNativeTarget section */
		D60F49E51C6D7601005C80CD /* Major Key */ = {
			isa = PBXNativeTarget;
			buildConfigurationList = D60F49F81C6D7601005C80CD /* Build configuration list for PBXNativeTarget "Major Key" */;
			buildPhases = (
				9A8529A55DE9829BBB058F88 /* Check Pods Manifest.lock */,
				D60F49E21C6D7601005C80CD /* Sources */,
				D60F49E31C6D7601005C80CD /* Frameworks */,
				D60F49E41C6D7601005C80CD /* Resources */,
				EB93C1163AB4ADAE6DA05BF3 /* Embed Pods Frameworks */,
				454D0A914FFB7610D414FEDE /* Copy Pods Resources */,
			);
			buildRules = (
			);
			dependencies = (
			);
			name = "Major Key";
			productName = SnapShare;
			productReference = D60F49E61C6D7601005C80CD /* Major Key.app */;
			productType = "com.apple.product-type.application";
		};
/* End PBXNativeTarget section */

/* Begin PBXProject section */
		D60F49DE1C6D7601005C80CD /* Project object */ = {
			isa = PBXProject;
			attributes = {
				LastSwiftUpdateCheck = 0720;
				LastUpgradeCheck = 0720;
				ORGANIZATIONNAME = "Alexander Akagi";
				TargetAttributes = {
					D60F49E51C6D7601005C80CD = {
						CreatedOnToolsVersion = 7.2;
						DevelopmentTeam = ES2EXKSSAQ;
					};
				};
			};
			buildConfigurationList = D60F49E11C6D7601005C80CD /* Build configuration list for PBXProject "Major Key" */;
			compatibilityVersion = "Xcode 3.2";
			developmentRegion = English;
			hasScannedForEncodings = 0;
			knownRegions = (
				en,
				Base,
			);
			mainGroup = D60F49DD1C6D7601005C80CD;
			productRefGroup = D60F49E71C6D7601005C80CD /* Products */;
			projectDirPath = "";
			projectRoot = "";
			targets = (
				D60F49E51C6D7601005C80CD /* Major Key */,
			);
		};
/* End PBXProject section */

/* Begin PBXResourcesBuildPhase section */
		D60F49E41C6D7601005C80CD /* Resources */ = {
			isa = PBXResourcesBuildPhase;
			buildActionMask = 2147483647;
			files = (
				D60F49F41C6D7601005C80CD /* LaunchScreen.storyboard in Resources */,
				D60F49F11C6D7601005C80CD /* Assets.xcassets in Resources */,
				D60F49EF1C6D7601005C80CD /* Main.storyboard in Resources */,
			);
			runOnlyForDeploymentPostprocessing = 0;
		};
/* End PBXResourcesBuildPhase section */

/* Begin PBXShellScriptBuildPhase section */
		454D0A914FFB7610D414FEDE /* Copy Pods Resources */ = {
			isa = PBXShellScriptBuildPhase;
			buildActionMask = 2147483647;
			files = (
			);
			inputPaths = (
			);
			name = "Copy Pods Resources";
			outputPaths = (
			);
			runOnlyForDeploymentPostprocessing = 0;
			shellPath = /bin/sh;
			shellScript = "\"${SRCROOT}/Pods/Target Support Files/Pods/Pods-resources.sh\"\n";
			showEnvVarsInLog = 0;
		};
		9A8529A55DE9829BBB058F88 /* Check Pods Manifest.lock */ = {
			isa = PBXShellScriptBuildPhase;
			buildActionMask = 2147483647;
			files = (
			);
			inputPaths = (
			);
			name = "Check Pods Manifest.lock";
			outputPaths = (
			);
			runOnlyForDeploymentPostprocessing = 0;
			shellPath = /bin/sh;
			shellScript = "diff \"${PODS_ROOT}/../Podfile.lock\" \"${PODS_ROOT}/Manifest.lock\" > /dev/null\nif [[ $? != 0 ]] ; then\n    cat << EOM\nerror: The sandbox is not in sync with the Podfile.lock. Run 'pod install' or update your CocoaPods installation.\nEOM\n    exit 1\nfi\n";
			showEnvVarsInLog = 0;
		};
		EB93C1163AB4ADAE6DA05BF3 /* Embed Pods Frameworks */ = {
			isa = PBXShellScriptBuildPhase;
			buildActionMask = 2147483647;
			files = (
			);
			inputPaths = (
			);
			name = "Embed Pods Frameworks";
			outputPaths = (
			);
			runOnlyForDeploymentPostprocessing = 0;
			shellPath = /bin/sh;
			shellScript = "\"${SRCROOT}/Pods/Target Support Files/Pods/Pods-frameworks.sh\"\n";
			showEnvVarsInLog = 0;
		};
/* End PBXShellScriptBuildPhase section */

/* Begin PBXSourcesBuildPhase section */
		D60F49E21C6D7601005C80CD /* Sources */ = {
			isa = PBXSourcesBuildPhase;
			buildActionMask = 2147483647;
			files = (
				D61205701C72630B006B7058 /* ApiKeys.swift in Sources */,
				D60F4A271C6F0D42005C80CD /* EachVideoTableViewCell.swift in Sources */,
				D60F4A221C6EEA9F005C80CD /* Video.swift in Sources */,
				D612056E1C726261006B7058 /* HttpHelper.swift in Sources */,
				D641B4D61C7ECA8200029DEA /* UserVideosViewController.swift in Sources */,
				D641B4DA1C7EE82F00029DEA /* NavScrollBar.swift in Sources */,
				D641B4D81C7EE21100029DEA /* UploadButton.swift in Sources */,
				D612056B1C71B0CC006B7058 /* AuthCodeViewController.swift in Sources */,
				D641B4D01C7BD68C00029DEA /* TestPickerViewController.swift in Sources */,
				D641B4561C77A9A700029DEA /* ScrollViewController.swift in Sources */,
				D641B4D21C7D4A7900029DEA /* HelperFunctions.swift in Sources */,
				D641B4741C78374100029DEA /* VideoTableViewController.swift in Sources */,
				D641B4DC1C7EF9E700029DEA /* SettingsViewController.swift in Sources */,
				D60F49EA1C6D7601005C80CD /* AppDelegate.swift in Sources */,
				D60F4A251C6EF1F6005C80CD /* User.swift in Sources */,
				D61205691C71747D006B7058 /* UserSignInViewController.swift in Sources */,
			);
			runOnlyForDeploymentPostprocessing = 0;
		};
/* End PBXSourcesBuildPhase section */

/* Begin PBXVariantGroup section */
		D60F49ED1C6D7601005C80CD /* Main.storyboard */ = {
			isa = PBXVariantGroup;
			children = (
				D60F49EE1C6D7601005C80CD /* Base */,
			);
			name = Main.storyboard;
			sourceTree = "<group>";
		};
		D60F49F21C6D7601005C80CD /* LaunchScreen.storyboard */ = {
			isa = PBXVariantGroup;
			children = (
				D60F49F31C6D7601005C80CD /* Base */,
			);
			name = LaunchScreen.storyboard;
			sourceTree = "<group>";
		};
/* End PBXVariantGroup section */

/* Begin XCBuildConfiguration section */
		D60F49F61C6D7601005C80CD /* Debug */ = {
			isa = XCBuildConfiguration;
			buildSettings = {
				ALWAYS_SEARCH_USER_PATHS = NO;
				CLANG_CXX_LANGUAGE_STANDARD = "gnu++0x";
				CLANG_CXX_LIBRARY = "libc++";
				CLANG_ENABLE_MODULES = YES;
				CLANG_ENABLE_OBJC_ARC = YES;
				CLANG_WARN_BOOL_CONVERSION = YES;
				CLANG_WARN_CONSTANT_CONVERSION = YES;
				CLANG_WARN_DIRECT_OBJC_ISA_USAGE = YES_ERROR;
				CLANG_WARN_EMPTY_BODY = YES;
				CLANG_WARN_ENUM_CONVERSION = YES;
				CLANG_WARN_INT_CONVERSION = YES;
				CLANG_WARN_OBJC_ROOT_CLASS = YES_ERROR;
				CLANG_WARN_UNREACHABLE_CODE = YES;
				CLANG_WARN__DUPLICATE_METHOD_MATCH = YES;
				"CODE_SIGN_IDENTITY[sdk=iphoneos*]" = "iPhone Developer";
				COPY_PHASE_STRIP = NO;
				DEBUG_INFORMATION_FORMAT = dwarf;
				ENABLE_STRICT_OBJC_MSGSEND = YES;
				ENABLE_TESTABILITY = YES;
				GCC_C_LANGUAGE_STANDARD = gnu99;
				GCC_DYNAMIC_NO_PIC = NO;
				GCC_NO_COMMON_BLOCKS = YES;
				GCC_OPTIMIZATION_LEVEL = 0;
				GCC_PREPROCESSOR_DEFINITIONS = (
					"DEBUG=1",
					"$(inherited)",
				);
				GCC_WARN_64_TO_32_BIT_CONVERSION = YES;
				GCC_WARN_ABOUT_RETURN_TYPE = YES_ERROR;
				GCC_WARN_UNDECLARED_SELECTOR = YES;
				GCC_WARN_UNINITIALIZED_AUTOS = YES_AGGRESSIVE;
				GCC_WARN_UNUSED_FUNCTION = YES;
				GCC_WARN_UNUSED_VARIABLE = YES;
				IPHONEOS_DEPLOYMENT_TARGET = 9.2;
				MTL_ENABLE_DEBUG_INFO = YES;
				ONLY_ACTIVE_ARCH = YES;
				SDKROOT = iphoneos;
				SWIFT_OPTIMIZATION_LEVEL = "-Onone";
				TARGETED_DEVICE_FAMILY = "1,2";
			};
			name = Debug;
		};
		D60F49F71C6D7601005C80CD /* Release */ = {
			isa = XCBuildConfiguration;
			buildSettings = {
				ALWAYS_SEARCH_USER_PATHS = NO;
				CLANG_CXX_LANGUAGE_STANDARD = "gnu++0x";
				CLANG_CXX_LIBRARY = "libc++";
				CLANG_ENABLE_MODULES = YES;
				CLANG_ENABLE_OBJC_ARC = YES;
				CLANG_WARN_BOOL_CONVERSION = YES;
				CLANG_WARN_CONSTANT_CONVERSION = YES;
				CLANG_WARN_DIRECT_OBJC_ISA_USAGE = YES_ERROR;
				CLANG_WARN_EMPTY_BODY = YES;
				CLANG_WARN_ENUM_CONVERSION = YES;
				CLANG_WARN_INT_CONVERSION = YES;
				CLANG_WARN_OBJC_ROOT_CLASS = YES_ERROR;
				CLANG_WARN_UNREACHABLE_CODE = YES;
				CLANG_WARN__DUPLICATE_METHOD_MATCH = YES;
				"CODE_SIGN_IDENTITY[sdk=iphoneos*]" = "iPhone Developer";
				COPY_PHASE_STRIP = NO;
				DEBUG_INFORMATION_FORMAT = "dwarf-with-dsym";
				ENABLE_NS_ASSERTIONS = NO;
				ENABLE_STRICT_OBJC_MSGSEND = YES;
				GCC_C_LANGUAGE_STANDARD = gnu99;
				GCC_NO_COMMON_BLOCKS = YES;
				GCC_WARN_64_TO_32_BIT_CONVERSION = YES;
				GCC_WARN_ABOUT_RETURN_TYPE = YES_ERROR;
				GCC_WARN_UNDECLARED_SELECTOR = YES;
				GCC_WARN_UNINITIALIZED_AUTOS = YES_AGGRESSIVE;
				GCC_WARN_UNUSED_FUNCTION = YES;
				GCC_WARN_UNUSED_VARIABLE = YES;
				IPHONEOS_DEPLOYMENT_TARGET = 9.2;
				MTL_ENABLE_DEBUG_INFO = NO;
				SDKROOT = iphoneos;
				TARGETED_DEVICE_FAMILY = "1,2";
				VALIDATE_PRODUCT = YES;
			};
			name = Release;
		};
		D60F49F91C6D7601005C80CD /* Debug */ = {
			isa = XCBuildConfiguration;
			baseConfigurationReference = 5A3CBB2C5019765CCA6B29EB /* Pods.debug.xcconfig */;
			buildSettings = {
				ASSETCATALOG_COMPILER_APPICON_NAME = AppIcon;
				FRAMEWORK_SEARCH_PATHS = (
					"$(inherited)",
					"$(PROJECT_DIR)/aws-ios-sdk-2.3.5/frameworks",
					"$(PROJECT_DIR)/aws-ios-sdk-2.3.5/frameworks/extras",
				);
				INFOPLIST_FILE = SnapShare/Info.plist;
				LD_RUNPATH_SEARCH_PATHS = "$(inherited) @executable_path/Frameworks";
				PRODUCT_BUNDLE_IDENTIFIER = Akagi.co.SnapShare;
				PRODUCT_NAME = "Major Key";
				SWIFT_OBJC_BRIDGING_HEADER = SnapShare/AWSBridgingHeader.h;
			};
			name = Debug;
		};
		D60F49FA1C6D7601005C80CD /* Release */ = {
			isa = XCBuildConfiguration;
			baseConfigurationReference = 5A6AE4C6D6C2EB85F7DC9400 /* Pods.release.xcconfig */;
			buildSettings = {
				ASSETCATALOG_COMPILER_APPICON_NAME = AppIcon;
				FRAMEWORK_SEARCH_PATHS = (
					"$(inherited)",
					"$(PROJECT_DIR)/aws-ios-sdk-2.3.5/frameworks",
					"$(PROJECT_DIR)/aws-ios-sdk-2.3.5/frameworks/extras",
				);
				INFOPLIST_FILE = SnapShare/Info.plist;
				LD_RUNPATH_SEARCH_PATHS = "$(inherited) @executable_path/Frameworks";
				PRODUCT_BUNDLE_IDENTIFIER = Akagi.co.SnapShare;
				PRODUCT_NAME = "Major Key";
				SWIFT_OBJC_BRIDGING_HEADER = SnapShare/AWSBridgingHeader.h;
			};
			name = Release;
		};
/* End XCBuildConfiguration section */

/* Begin XCConfigurationList section */
		D60F49E11C6D7601005C80CD /* Build configuration list for PBXProject "Major Key" */ = {
			isa = XCConfigurationList;
			buildConfigurations = (
				D60F49F61C6D7601005C80CD /* Debug */,
				D60F49F71C6D7601005C80CD /* Release */,
			);
			defaultConfigurationIsVisible = 0;
			defaultConfigurationName = Release;
		};
		D60F49F81C6D7601005C80CD /* Build configuration list for PBXNativeTarget "Major Key" */ = {
			isa = XCConfigurationList;
			buildConfigurations = (
				D60F49F91C6D7601005C80CD /* Debug */,
				D60F49FA1C6D7601005C80CD /* Release */,
			);
			defaultConfigurationIsVisible = 0;
			defaultConfigurationName = Release;
		};
/* End XCConfigurationList section */
	};
	rootObject = D60F49DE1C6D7601005C80CD /* Project object */;
}
