// !$*UTF8*$!
{
	archiveVersion = 1;
	classes = {
	};
	objectVersion = 46;
	objects = {

/* Begin PBXBuildFile section */
		D60F49EA1C6D7601005C80CD /* AppDelegate.swift in Sources */ = {isa = PBXBuildFile; fileRef = D60F49E91C6D7601005C80CD /* AppDelegate.swift */; };
		D60F49EC1C6D7601005C80CD /* VideoListViewController.swift in Sources */ = {isa = PBXBuildFile; fileRef = D60F49EB1C6D7601005C80CD /* VideoListViewController.swift */; };
		D60F49EF1C6D7601005C80CD /* Main.storyboard in Resources */ = {isa = PBXBuildFile; fileRef = D60F49ED1C6D7601005C80CD /* Main.storyboard */; };
		D60F49F11C6D7601005C80CD /* Assets.xcassets in Resources */ = {isa = PBXBuildFile; fileRef = D60F49F01C6D7601005C80CD /* Assets.xcassets */; };
		D60F49F41C6D7601005C80CD /* LaunchScreen.storyboard in Resources */ = {isa = PBXBuildFile; fileRef = D60F49F21C6D7601005C80CD /* LaunchScreen.storyboard */; };
		D60F4A1C1C6DB52A005C80CD /* ProfileViewController.swift in Sources */ = {isa = PBXBuildFile; fileRef = D60F4A1B1C6DB52A005C80CD /* ProfileViewController.swift */; };
		D60F4A201C6EE9CA005C80CD /* VideoTableViewController.swift in Sources */ = {isa = PBXBuildFile; fileRef = D60F4A1F1C6EE9CA005C80CD /* VideoTableViewController.swift */; };
		D60F4A221C6EEA9F005C80CD /* Video.swift in Sources */ = {isa = PBXBuildFile; fileRef = D60F4A211C6EEA9F005C80CD /* Video.swift */; };
		D60F4A251C6EF1F6005C80CD /* User.swift in Sources */ = {isa = PBXBuildFile; fileRef = D60F4A241C6EF1F6005C80CD /* User.swift */; };
		D60F4A271C6F0D42005C80CD /* EachVideoTableViewCell.swift in Sources */ = {isa = PBXBuildFile; fileRef = D60F4A261C6F0D42005C80CD /* EachVideoTableViewCell.swift */; };
		D61205691C71747D006B7058 /* UserSignInViewController.swift in Sources */ = {isa = PBXBuildFile; fileRef = D61205681C71747D006B7058 /* UserSignInViewController.swift */; };
/* End PBXBuildFile section */

/* Begin PBXFileReference section */
		D60F49E61C6D7601005C80CD /* SnapShare.app */ = {isa = PBXFileReference; explicitFileType = wrapper.application; includeInIndex = 0; path = SnapShare.app; sourceTree = BUILT_PRODUCTS_DIR; };
		D60F49E91C6D7601005C80CD /* AppDelegate.swift */ = {isa = PBXFileReference; lastKnownFileType = sourcecode.swift; path = AppDelegate.swift; sourceTree = "<group>"; };
		D60F49EB1C6D7601005C80CD /* VideoListViewController.swift */ = {isa = PBXFileReference; lastKnownFileType = sourcecode.swift; path = VideoListViewController.swift; sourceTree = "<group>"; };
		D60F49EE1C6D7601005C80CD /* Base */ = {isa = PBXFileReference; lastKnownFileType = file.storyboard; name = Base; path = Base.lproj/Main.storyboard; sourceTree = "<group>"; };
		D60F49F01C6D7601005C80CD /* Assets.xcassets */ = {isa = PBXFileReference; lastKnownFileType = folder.assetcatalog; path = Assets.xcassets; sourceTree = "<group>"; };
		D60F49F31C6D7601005C80CD /* Base */ = {isa = PBXFileReference; lastKnownFileType = file.storyboard; name = Base; path = Base.lproj/LaunchScreen.storyboard; sourceTree = "<group>"; };
		D60F49F51C6D7601005C80CD /* Info.plist */ = {isa = PBXFileReference; lastKnownFileType = text.plist.xml; path = Info.plist; sourceTree = "<group>"; };
		D60F4A1B1C6DB52A005C80CD /* ProfileViewController.swift */ = {isa = PBXFileReference; fileEncoding = 4; lastKnownFileType = sourcecode.swift; path = ProfileViewController.swift; sourceTree = "<group>"; };
		D60F4A1F1C6EE9CA005C80CD /* VideoTableViewController.swift */ = {isa = PBXFileReference; fileEncoding = 4; lastKnownFileType = sourcecode.swift; path = VideoTableViewController.swift; sourceTree = "<group>"; };
		D60F4A211C6EEA9F005C80CD /* Video.swift */ = {isa = PBXFileReference; fileEncoding = 4; lastKnownFileType = sourcecode.swift; path = Video.swift; sourceTree = "<group>"; };
		D60F4A241C6EF1F6005C80CD /* User.swift */ = {isa = PBXFileReference; fileEncoding = 4; lastKnownFileType = sourcecode.swift; path = User.swift; sourceTree = "<group>"; };
		D60F4A261C6F0D42005C80CD /* EachVideoTableViewCell.swift */ = {isa = PBXFileReference; fileEncoding = 4; lastKnownFileType = sourcecode.swift; path = EachVideoTableViewCell.swift; sourceTree = "<group>"; };
		D61205681C71747D006B7058 /* UserSignInViewController.swift */ = {isa = PBXFileReference; fileEncoding = 4; lastKnownFileType = sourcecode.swift; path = UserSignInViewController.swift; sourceTree = "<group>"; };
/* End PBXFileReference section */

/* Begin PBXFrameworksBuildPhase section */
		D60F49E31C6D7601005C80CD /* Frameworks */ = {
			isa = PBXFrameworksBuildPhase;
			buildActionMask = 2147483647;
			files = (
			);
			runOnlyForDeploymentPostprocessing = 0;
		};
/* End PBXFrameworksBuildPhase section */

/* Begin PBXGroup section */
		D60F49DD1C6D7601005C80CD = {
			isa = PBXGroup;
			children = (
				D60F49E81C6D7601005C80CD /* SnapShare */,
				D60F49E71C6D7601005C80CD /* Products */,
			);
			sourceTree = "<group>";
		};
		D60F49E71C6D7601005C80CD /* Products */ = {
			isa = PBXGroup;
			children = (
				D60F49E61C6D7601005C80CD /* SnapShare.app */,
			);
			name = Products;
			sourceTree = "<group>";
		};
		D60F49E81C6D7601005C80CD /* SnapShare */ = {
			isa = PBXGroup;
			children = (
				D60F49E91C6D7601005C80CD /* AppDelegate.swift */,
				D60F49EB1C6D7601005C80CD /* VideoListViewController.swift */,
				D60F4A1B1C6DB52A005C80CD /* ProfileViewController.swift */,
				D60F4A261C6F0D42005C80CD /* EachVideoTableViewCell.swift */,
				D60F49ED1C6D7601005C80CD /* Main.storyboard */,
				D61205681C71747D006B7058 /* UserSignInViewController.swift */,
				D60F4A211C6EEA9F005C80CD /* Video.swift */,
				D60F4A241C6EF1F6005C80CD /* User.swift */,
				D60F4A1F1C6EE9CA005C80CD /* VideoTableViewController.swift */,
				D60F49F01C6D7601005C80CD /* Assets.xcassets */,
				D60F49F21C6D7601005C80CD /* LaunchScreen.storyboard */,
				D60F49F51C6D7601005C80CD /* Info.plist */,
			);
			path = SnapShare;
			sourceTree = "<group>";
		};
/* End PBXGroup section */

/* Begin PBXNativeTarget section */
		D60F49E51C6D7601005C80CD /* SnapShare */ = {
			isa = PBXNativeTarget;
			buildConfigurationList = D60F49F81C6D7601005C80CD /* Build configuration list for PBXNativeTarget "SnapShare" */;
			buildPhases = (
				D60F49E21C6D7601005C80CD /* Sources */,
				D60F49E31C6D7601005C80CD /* Frameworks */,
				D60F49E41C6D7601005C80CD /* Resources */,
			);
			buildRules = (
			);
			dependencies = (
			);
			name = SnapShare;
			productName = SnapShare;
			productReference = D60F49E61C6D7601005C80CD /* SnapShare.app */;
			productType = "com.apple.product-type.application";
		};
/* End PBXNativeTarget section */

/* Begin PBXProject section */
		D60F49DE1C6D7601005C80CD /* Project object */ = {
			isa = PBXProject;
			attributes = {
				LastSwiftUpdateCheck = 0720;
				LastUpgradeCheck = 0720;
				ORGANIZATIONNAME = "Alexander Akagi";
				TargetAttributes = {
					D60F49E51C6D7601005C80CD = {
						CreatedOnToolsVersion = 7.2;
						DevelopmentTeam = ES2EXKSSAQ;
					};
				};
			};
			buildConfigurationList = D60F49E11C6D7601005C80CD /* Build configuration list for PBXProject "SnapShare" */;
			compatibilityVersion = "Xcode 3.2";
			developmentRegion = English;
			hasScannedForEncodings = 0;
			knownRegions = (
				en,
				Base,
			);
			mainGroup = D60F49DD1C6D7601005C80CD;
			productRefGroup = D60F49E71C6D7601005C80CD /* Products */;
			projectDirPath = "";
			projectRoot = "";
			targets = (
				D60F49E51C6D7601005C80CD /* SnapShare */,
			);
		};
/* End PBXProject section */

/* Begin PBXResourcesBuildPhase section */
		D60F49E41C6D7601005C80CD /* Resources */ = {
			isa = PBXResourcesBuildPhase;
			buildActionMask = 2147483647;
			files = (
				D60F49F41C6D7601005C80CD /* LaunchScreen.storyboard in Resources */,
				D60F49F11C6D7601005C80CD /* Assets.xcassets in Resources */,
				D60F49EF1C6D7601005C80CD /* Main.storyboard in Resources */,
			);
			runOnlyForDeploymentPostprocessing = 0;
		};
/* End PBXResourcesBuildPhase section */

/* Begin PBXSourcesBuildPhase section */
		D60F49E21C6D7601005C80CD /* Sources */ = {
			isa = PBXSourcesBuildPhase;
			buildActionMask = 2147483647;
			files = (
				D60F4A201C6EE9CA005C80CD /* VideoTableViewController.swift in Sources */,
				D60F4A271C6F0D42005C80CD /* EachVideoTableViewCell.swift in Sources */,
				D60F4A1C1C6DB52A005C80CD /* ProfileViewController.swift in Sources */,
				D60F4A221C6EEA9F005C80CD /* Video.swift in Sources */,
				D60F49EC1C6D7601005C80CD /* VideoListViewController.swift in Sources */,
				D60F49EA1C6D7601005C80CD /* AppDelegate.swift in Sources */,
				D60F4A251C6EF1F6005C80CD /* User.swift in Sources */,
				D61205691C71747D006B7058 /* UserSignInViewController.swift in Sources */,
			);
			runOnlyForDeploymentPostprocessing = 0;
		};
/* End PBXSourcesBuildPhase section */

/* Begin PBXVariantGroup section */
		D60F49ED1C6D7601005C80CD /* Main.storyboard */ = {
			isa = PBXVariantGroup;
			children = (
				D60F49EE1C6D7601005C80CD /* Base */,
			);
			name = Main.storyboard;
			sourceTree = "<group>";
		};
		D60F49F21C6D7601005C80CD /* LaunchScreen.storyboard */ = {
			isa = PBXVariantGroup;
			children = (
				D60F49F31C6D7601005C80CD /* Base */,
			);
			name = LaunchScreen.storyboard;
			sourceTree = "<group>";
		};
/* End PBXVariantGroup section */

/* Begin XCBuildConfiguration section */
		D60F49F61C6D7601005C80CD /* Debug */ = {
			isa = XCBuildConfiguration;
			buildSettings = {
				ALWAYS_SEARCH_USER_PATHS = NO;
				CLANG_CXX_LANGUAGE_STANDARD = "gnu++0x";
				CLANG_CXX_LIBRARY = "libc++";
				CLANG_ENABLE_MODULES = YES;
				CLANG_ENABLE_OBJC_ARC = YES;
				CLANG_WARN_BOOL_CONVERSION = YES;
				CLANG_WARN_CONSTANT_CONVERSION = YES;
				CLANG_WARN_DIRECT_OBJC_ISA_USAGE = YES_ERROR;
				CLANG_WARN_EMPTY_BODY = YES;
				CLANG_WARN_ENUM_CONVERSION = YES;
				CLANG_WARN_INT_CONVERSION = YES;
				CLANG_WARN_OBJC_ROOT_CLASS = YES_ERROR;
				CLANG_WARN_UNREACHABLE_CODE = YES;
				CLANG_WARN__DUPLICATE_METHOD_MATCH = YES;
				"CODE_SIGN_IDENTITY[sdk=iphoneos*]" = "iPhone Developer";
				COPY_PHASE_STRIP = NO;
				DEBUG_INFORMATION_FORMAT = dwarf;
				ENABLE_STRICT_OBJC_MSGSEND = YES;
				ENABLE_TESTABILITY = YES;
				GCC_C_LANGUAGE_STANDARD = gnu99;
				GCC_DYNAMIC_NO_PIC = NO;
				GCC_NO_COMMON_BLOCKS = YES;
				GCC_OPTIMIZATION_LEVEL = 0;
				GCC_PREPROCESSOR_DEFINITIONS = (
					"DEBUG=1",
					"$(inherited)",
				);
				GCC_WARN_64_TO_32_BIT_CONVERSION = YES;
				GCC_WARN_ABOUT_RETURN_TYPE = YES_ERROR;
				GCC_WARN_UNDECLARED_SELECTOR = YES;
				GCC_WARN_UNINITIALIZED_AUTOS = YES_AGGRESSIVE;
				GCC_WARN_UNUSED_FUNCTION = YES;
				GCC_WARN_UNUSED_VARIABLE = YES;
				IPHONEOS_DEPLOYMENT_TARGET = 9.2;
				MTL_ENABLE_DEBUG_INFO = YES;
				ONLY_ACTIVE_ARCH = YES;
				SDKROOT = iphoneos;
				SWIFT_OPTIMIZATION_LEVEL = "-Onone";
				TARGETED_DEVICE_FAMILY = "1,2";
			};
			name = Debug;
		};
		D60F49F71C6D7601005C80CD /* Release */ = {
			isa = XCBuildConfiguration;
			buildSettings = {
				ALWAYS_SEARCH_USER_PATHS = NO;
				CLANG_CXX_LANGUAGE_STANDARD = "gnu++0x";
				CLANG_CXX_LIBRARY = "libc++";
				CLANG_ENABLE_MODULES = YES;
				CLANG_ENABLE_OBJC_ARC = YES;
				CLANG_WARN_BOOL_CONVERSION = YES;
				CLANG_WARN_CONSTANT_CONVERSION = YES;
				CLANG_WARN_DIRECT_OBJC_ISA_USAGE = YES_ERROR;
				CLANG_WARN_EMPTY_BODY = YES;
				CLANG_WARN_ENUM_CONVERSION = YES;
				CLANG_WARN_INT_CONVERSION = YES;
				CLANG_WARN_OBJC_ROOT_CLASS = YES_ERROR;
				CLANG_WARN_UNREACHABLE_CODE = YES;
				CLANG_WARN__DUPLICATE_METHOD_MATCH = YES;
				"CODE_SIGN_IDENTITY[sdk=iphoneos*]" = "iPhone Developer";
				COPY_PHASE_STRIP = NO;
				DEBUG_INFORMATION_FORMAT = "dwarf-with-dsym";
				ENABLE_NS_ASSERTIONS = NO;
				ENABLE_STRICT_OBJC_MSGSEND = YES;
				GCC_C_LANGUAGE_STANDARD = gnu99;
				GCC_NO_COMMON_BLOCKS = YES;
				GCC_WARN_64_TO_32_BIT_CONVERSION = YES;
				GCC_WARN_ABOUT_RETURN_TYPE = YES_ERROR;
				GCC_WARN_UNDECLARED_SELECTOR = YES;
				GCC_WARN_UNINITIALIZED_AUTOS = YES_AGGRESSIVE;
				GCC_WARN_UNUSED_FUNCTION = YES;
				GCC_WARN_UNUSED_VARIABLE = YES;
				IPHONEOS_DEPLOYMENT_TARGET = 9.2;
				MTL_ENABLE_DEBUG_INFO = NO;
				SDKROOT = iphoneos;
				TARGETED_DEVICE_FAMILY = "1,2";
				VALIDATE_PRODUCT = YES;
			};
			name = Release;
		};
		D60F49F91C6D7601005C80CD /* Debug */ = {
			isa = XCBuildConfiguration;
			buildSettings = {
				ASSETCATALOG_COMPILER_APPICON_NAME = AppIcon;
				INFOPLIST_FILE = SnapShare/Info.plist;
				LD_RUNPATH_SEARCH_PATHS = "$(inherited) @executable_path/Frameworks";
				PRODUCT_BUNDLE_IDENTIFIER = Akagi.co.SnapShare;
				PRODUCT_NAME = "$(TARGET_NAME)";
			};
			name = Debug;
		};
		D60F49FA1C6D7601005C80CD /* Release */ = {
			isa = XCBuildConfiguration;
			buildSettings = {
				ASSETCATALOG_COMPILER_APPICON_NAME = AppIcon;
				INFOPLIST_FILE = SnapShare/Info.plist;
				LD_RUNPATH_SEARCH_PATHS = "$(inherited) @executable_path/Frameworks";
				PRODUCT_BUNDLE_IDENTIFIER = Akagi.co.SnapShare;
				PRODUCT_NAME = "$(TARGET_NAME)";
			};
			name = Release;
		};
/* End XCBuildConfiguration section */

/* Begin XCConfigurationList section */
		D60F49E11C6D7601005C80CD /* Build configuration list for PBXProject "SnapShare" */ = {
			isa = XCConfigurationList;
			buildConfigurations = (
				D60F49F61C6D7601005C80CD /* Debug */,
				D60F49F71C6D7601005C80CD /* Release */,
			);
			defaultConfigurationIsVisible = 0;
			defaultConfigurationName = Release;
		};
		D60F49F81C6D7601005C80CD /* Build configuration list for PBXNativeTarget "SnapShare" */ = {
			isa = XCConfigurationList;
			buildConfigurations = (
				D60F49F91C6D7601005C80CD /* Debug */,
				D60F49FA1C6D7601005C80CD /* Release */,
			);
			defaultConfigurationIsVisible = 0;
			defaultConfigurationName = Release;
		};
/* End XCConfigurationList section */
	};
	rootObject = D60F49DE1C6D7601005C80CD /* Project object */;
}
